// !$*UTF8*$!
{
	archiveVersion = 1;
	classes = {
	};
	objectVersion = 48;
	objects = {

/* Begin PBXBuildFile section */
		8A5D7DC8206A476E003AF448 /* AppDelegate.swift in Sources */ = {isa = PBXBuildFile; fileRef = 8A5D7DC7206A476E003AF448 /* AppDelegate.swift */; };
		8A5D7DCA206A476E003AF448 /* InfoVC.swift in Sources */ = {isa = PBXBuildFile; fileRef = 8A5D7DC9206A476E003AF448 /* InfoVC.swift */; };
		8A5D7DCD206A476E003AF448 /* Main.storyboard in Resources */ = {isa = PBXBuildFile; fileRef = 8A5D7DCB206A476E003AF448 /* Main.storyboard */; };
		8A5D7DCF206A476E003AF448 /* Assets.xcassets in Resources */ = {isa = PBXBuildFile; fileRef = 8A5D7DCE206A476E003AF448 /* Assets.xcassets */; };
		8A5D7DD2206A476E003AF448 /* LaunchScreen.storyboard in Resources */ = {isa = PBXBuildFile; fileRef = 8A5D7DD0206A476E003AF448 /* LaunchScreen.storyboard */; };
		8A5D7DDE206A4C8D003AF448 /* CategoryVC.swift in Sources */ = {isa = PBXBuildFile; fileRef = 8A5D7DDD206A4C8D003AF448 /* CategoryVC.swift */; };
		8A5D7DE0206A4CA9003AF448 /* CategoryCell.swift in Sources */ = {isa = PBXBuildFile; fileRef = 8A5D7DDF206A4CA9003AF448 /* CategoryCell.swift */; };
		8A5D7DE2206A4CEE003AF448 /* Category.swift in Sources */ = {isa = PBXBuildFile; fileRef = 8A5D7DE1206A4CEE003AF448 /* Category.swift */; };
		8A5D7DE4206A4D35003AF448 /* DataServices.swift in Sources */ = {isa = PBXBuildFile; fileRef = 8A5D7DE3206A4D35003AF448 /* DataServices.swift */; };
		8A5D7DE6206A522A003AF448 /* ProductCell.swift in Sources */ = {isa = PBXBuildFile; fileRef = 8A5D7DE5206A522A003AF448 /* ProductCell.swift */; };
		8A5D7DE8206A52B6003AF448 /* ProductVC.swift in Sources */ = {isa = PBXBuildFile; fileRef = 8A5D7DE7206A52B6003AF448 /* ProductVC.swift */; };
/* End PBXBuildFile section */

/* Begin PBXFileReference section */
		8A5D7DC4206A476E003AF448 /* DevslopesBeginnerFinal.app */ = {isa = PBXFileReference; explicitFileType = wrapper.application; includeInIndex = 0; path = DevslopesBeginnerFinal.app; sourceTree = BUILT_PRODUCTS_DIR; };
		8A5D7DC7206A476E003AF448 /* AppDelegate.swift */ = {isa = PBXFileReference; lastKnownFileType = sourcecode.swift; path = AppDelegate.swift; sourceTree = "<group>"; };
		8A5D7DC9206A476E003AF448 /* InfoVC.swift */ = {isa = PBXFileReference; lastKnownFileType = sourcecode.swift; path = InfoVC.swift; sourceTree = "<group>"; };
		8A5D7DCC206A476E003AF448 /* Base */ = {isa = PBXFileReference; lastKnownFileType = file.storyboard; name = Base; path = Base.lproj/Main.storyboard; sourceTree = "<group>"; };
		8A5D7DCE206A476E003AF448 /* Assets.xcassets */ = {isa = PBXFileReference; lastKnownFileType = folder.assetcatalog; path = Assets.xcassets; sourceTree = "<group>"; };
		8A5D7DD1206A476E003AF448 /* Base */ = {isa = PBXFileReference; lastKnownFileType = file.storyboard; name = Base; path = Base.lproj/LaunchScreen.storyboard; sourceTree = "<group>"; };
		8A5D7DD3206A476F003AF448 /* Info.plist */ = {isa = PBXFileReference; lastKnownFileType = text.plist.xml; path = Info.plist; sourceTree = "<group>"; };
		8A5D7DDD206A4C8D003AF448 /* CategoryVC.swift */ = {isa = PBXFileReference; lastKnownFileType = sourcecode.swift; path = CategoryVC.swift; sourceTree = "<group>"; };
		8A5D7DDF206A4CA9003AF448 /* CategoryCell.swift */ = {isa = PBXFileReference; lastKnownFileType = sourcecode.swift; path = CategoryCell.swift; sourceTree = "<group>"; };
		8A5D7DE1206A4CEE003AF448 /* Category.swift */ = {isa = PBXFileReference; lastKnownFileType = sourcecode.swift; path = Category.swift; sourceTree = "<group>"; };
		8A5D7DE3206A4D35003AF448 /* DataServices.swift */ = {isa = PBXFileReference; lastKnownFileType = sourcecode.swift; path = DataServices.swift; sourceTree = "<group>"; };
		8A5D7DE5206A522A003AF448 /* ProductCell.swift */ = {isa = PBXFileReference; lastKnownFileType = sourcecode.swift; path = ProductCell.swift; sourceTree = "<group>"; };
		8A5D7DE7206A52B6003AF448 /* ProductVC.swift */ = {isa = PBXFileReference; lastKnownFileType = sourcecode.swift; path = ProductVC.swift; sourceTree = "<group>"; };
/* End PBXFileReference section */

/* Begin PBXFrameworksBuildPhase section */
		8A5D7DC1206A476E003AF448 /* Frameworks */ = {
			isa = PBXFrameworksBuildPhase;
			buildActionMask = 2147483647;
			files = (
			);
			runOnlyForDeploymentPostprocessing = 0;
		};
/* End PBXFrameworksBuildPhase section */

/* Begin PBXGroup section */
		8A5D7DBB206A476E003AF448 = {
			isa = PBXGroup;
			children = (
				8A5D7DC6206A476E003AF448 /* DevslopesBeginnerFinal */,
				8A5D7DC5206A476E003AF448 /* Products */,
			);
			sourceTree = "<group>";
		};
		8A5D7DC5206A476E003AF448 /* Products */ = {
			isa = PBXGroup;
			children = (
				8A5D7DC4206A476E003AF448 /* DevslopesBeginnerFinal.app */,
			);
			name = Products;
			sourceTree = "<group>";
		};
		8A5D7DC6206A476E003AF448 /* DevslopesBeginnerFinal */ = {
			isa = PBXGroup;
			children = (
				8A5D7DDC206A4C4F003AF448 /* Services */,
				8A5D7DDB206A4C4A003AF448 /* Model */,
				8A5D7DDA206A4C46003AF448 /* View */,
				8A5D7DD9206A4C40003AF448 /* Controller */,
				8A5D7DC7206A476E003AF448 /* AppDelegate.swift */,
				8A5D7DCB206A476E003AF448 /* Main.storyboard */,
				8A5D7DCE206A476E003AF448 /* Assets.xcassets */,
				8A5D7DD0206A476E003AF448 /* LaunchScreen.storyboard */,
				8A5D7DD3206A476F003AF448 /* Info.plist */,
			);
			path = DevslopesBeginnerFinal;
			sourceTree = "<group>";
		};
		8A5D7DD9206A4C40003AF448 /* Controller */ = {
			isa = PBXGroup;
			children = (
				8A5D7DC9206A476E003AF448 /* InfoVC.swift */,
				8A5D7DDD206A4C8D003AF448 /* CategoryVC.swift */,
				8A5D7DE7206A52B6003AF448 /* ProductVC.swift */,
			);
			path = Controller;
			sourceTree = "<group>";
		};
		8A5D7DDA206A4C46003AF448 /* View */ = {
			isa = PBXGroup;
			children = (
				8A5D7DDF206A4CA9003AF448 /* CategoryCell.swift */,
				8A5D7DE5206A522A003AF448 /* ProductCell.swift */,
			);
			path = View;
			sourceTree = "<group>";
		};
		8A5D7DDB206A4C4A003AF448 /* Model */ = {
			isa = PBXGroup;
			children = (
				8A5D7DE1206A4CEE003AF448 /* Category.swift */,
			);
			path = Model;
			sourceTree = "<group>";
		};
		8A5D7DDC206A4C4F003AF448 /* Services */ = {
			isa = PBXGroup;
			children = (
				8A5D7DE3206A4D35003AF448 /* DataServices.swift */,
			);
			path = Services;
			sourceTree = "<group>";
		};
/* End PBXGroup section */

/* Begin PBXNativeTarget section */
		8A5D7DC3206A476E003AF448 /* DevslopesBeginnerFinal */ = {
			isa = PBXNativeTarget;
			buildConfigurationList = 8A5D7DD6206A476F003AF448 /* Build configuration list for PBXNativeTarget "DevslopesBeginnerFinal" */;
			buildPhases = (
				8A5D7DC0206A476E003AF448 /* Sources */,
				8A5D7DC1206A476E003AF448 /* Frameworks */,
				8A5D7DC2206A476E003AF448 /* Resources */,
			);
			buildRules = (
			);
			dependencies = (
			);
			name = DevslopesBeginnerFinal;
			productName = DevslopesBeginnerFinal;
			productReference = 8A5D7DC4206A476E003AF448 /* DevslopesBeginnerFinal.app */;
			productType = "com.apple.product-type.application";
		};
/* End PBXNativeTarget section */

/* Begin PBXProject section */
		8A5D7DBC206A476E003AF448 /* Project object */ = {
			isa = PBXProject;
			attributes = {
				LastSwiftUpdateCheck = 0920;
				LastUpgradeCheck = 0920;
				ORGANIZATIONNAME = "Andrew Tuzson";
				TargetAttributes = {
					8A5D7DC3206A476E003AF448 = {
						CreatedOnToolsVersion = 9.2;
						ProvisioningStyle = Automatic;
					};
				};
			};
			buildConfigurationList = 8A5D7DBF206A476E003AF448 /* Build configuration list for PBXProject "DevslopesBeginnerFinal" */;
			compatibilityVersion = "Xcode 8.0";
			developmentRegion = en;
			hasScannedForEncodings = 0;
			knownRegions = (
				en,
				Base,
			);
			mainGroup = 8A5D7DBB206A476E003AF448;
			productRefGroup = 8A5D7DC5206A476E003AF448 /* Products */;
			projectDirPath = "";
			projectRoot = "";
			targets = (
				8A5D7DC3206A476E003AF448 /* DevslopesBeginnerFinal */,
			);
		};
/* End PBXProject section */

/* Begin PBXResourcesBuildPhase section */
		8A5D7DC2206A476E003AF448 /* Resources */ = {
			isa = PBXResourcesBuildPhase;
			buildActionMask = 2147483647;
			files = (
				8A5D7DD2206A476E003AF448 /* LaunchScreen.storyboard in Resources */,
				8A5D7DCF206A476E003AF448 /* Assets.xcassets in Resources */,
				8A5D7DCD206A476E003AF448 /* Main.storyboard in Resources */,
			);
			runOnlyForDeploymentPostprocessing = 0;
		};
/* End PBXResourcesBuildPhase section */

/* Begin PBXSourcesBuildPhase section */
		8A5D7DC0206A476E003AF448 /* Sources */ = {
			isa = PBXSourcesBuildPhase;
			buildActionMask = 2147483647;
			files = (
				8A5D7DDE206A4C8D003AF448 /* CategoryVC.swift in Sources */,
				8A5D7DE2206A4CEE003AF448 /* Category.swift in Sources */,
				8A5D7DCA206A476E003AF448 /* InfoVC.swift in Sources */,
				8A5D7DE4206A4D35003AF448 /* DataServices.swift in Sources */,
				8A5D7DE8206A52B6003AF448 /* ProductVC.swift in Sources */,
				8A5D7DC8206A476E003AF448 /* AppDelegate.swift in Sources */,
				8A5D7DE6206A522A003AF448 /* ProductCell.swift in Sources */,
				8A5D7DE0206A4CA9003AF448 /* CategoryCell.swift in Sources */,
			);
			runOnlyForDeploymentPostprocessing = 0;
		};
/* End PBXSourcesBuildPhase section */

/* Begin PBXVariantGroup section */
		8A5D7DCB206A476E003AF448 /* Main.storyboard */ = {
			isa = PBXVariantGroup;
			children = (
				8A5D7DCC206A476E003AF448 /* Base */,
			);
			name = Main.storyboard;
			sourceTree = "<group>";
		};
		8A5D7DD0206A476E003AF448 /* LaunchScreen.storyboard */ = {
			isa = PBXVariantGroup;
			children = (
				8A5D7DD1206A476E003AF448 /* Base */,
			);
			name = LaunchScreen.storyboard;
			sourceTree = "<group>";
		};
/* End PBXVariantGroup section */

/* Begin XCBuildConfiguration section */
		8A5D7DD4206A476F003AF448 /* Debug */ = {
			isa = XCBuildConfiguration;
			buildSettings = {
				ALWAYS_SEARCH_USER_PATHS = NO;
				CLANG_ANALYZER_NONNULL = YES;
				CLANG_ANALYZER_NUMBER_OBJECT_CONVERSION = YES_AGGRESSIVE;
				CLANG_CXX_LANGUAGE_STANDARD = "gnu++14";
				CLANG_CXX_LIBRARY = "libc++";
				CLANG_ENABLE_MODULES = YES;
				CLANG_ENABLE_OBJC_ARC = YES;
				CLANG_WARN_BLOCK_CAPTURE_AUTORELEASING = YES;
				CLANG_WARN_BOOL_CONVERSION = YES;
				CLANG_WARN_COMMA = YES;
				CLANG_WARN_CONSTANT_CONVERSION = YES;
				CLANG_WARN_DIRECT_OBJC_ISA_USAGE = YES_ERROR;
				CLANG_WARN_DOCUMENTATION_COMMENTS = YES;
				CLANG_WARN_EMPTY_BODY = YES;
				CLANG_WARN_ENUM_CONVERSION = YES;
				CLANG_WARN_INFINITE_RECURSION = YES;
				CLANG_WARN_INT_CONVERSION = YES;
				CLANG_WARN_NON_LITERAL_NULL_CONVERSION = YES;
				CLANG_WARN_OBJC_LITERAL_CONVERSION = YES;
				CLANG_WARN_OBJC_ROOT_CLASS = YES_ERROR;
				CLANG_WARN_RANGE_LOOP_ANALYSIS = YES;
				CLANG_WARN_STRICT_PROTOTYPES = YES;
				CLANG_WARN_SUSPICIOUS_MOVE = YES;
				CLANG_WARN_UNGUARDED_AVAILABILITY = YES_AGGRESSIVE;
				CLANG_WARN_UNREACHABLE_CODE = YES;
				CLANG_WARN__DUPLICATE_METHOD_MATCH = YES;
				CODE_SIGN_IDENTITY = "iPhone Developer";
				COPY_PHASE_STRIP = NO;
				DEBUG_INFORMATION_FORMAT = dwarf;
				ENABLE_STRICT_OBJC_MSGSEND = YES;
				ENABLE_TESTABILITY = YES;
				GCC_C_LANGUAGE_STANDARD = gnu11;
				GCC_DYNAMIC_NO_PIC = NO;
				GCC_NO_COMMON_BLOCKS = YES;
				GCC_OPTIMIZATION_LEVEL = 0;
				GCC_PREPROCESSOR_DEFINITIONS = (
					"DEBUG=1",
					"$(inherited)",
				);
				GCC_WARN_64_TO_32_BIT_CONVERSION = YES;
				GCC_WARN_ABOUT_RETURN_TYPE = YES_ERROR;
				GCC_WARN_UNDECLARED_SELECTOR = YES;
				GCC_WARN_UNINITIALIZED_AUTOS = YES_AGGRESSIVE;
				GCC_WARN_UNUSED_FUNCTION = YES;
				GCC_WARN_UNUSED_VARIABLE = YES;
				IPHONEOS_DEPLOYMENT_TARGET = 11.2;
				MTL_ENABLE_DEBUG_INFO = YES;
				ONLY_ACTIVE_ARCH = YES;
				SDKROOT = iphoneos;
				SWIFT_ACTIVE_COMPILATION_CONDITIONS = DEBUG;
				SWIFT_OPTIMIZATION_LEVEL = "-Onone";
			};
			name = Debug;
		};
		8A5D7DD5206A476F003AF448 /* Release */ = {
			isa = XCBuildConfiguration;
			buildSettings = {
				ALWAYS_SEARCH_USER_PATHS = NO;
				CLANG_ANALYZER_NONNULL = YES;
				CLANG_ANALYZER_NUMBER_OBJECT_CONVERSION = YES_AGGRESSIVE;
				CLANG_CXX_LANGUAGE_STANDARD = "gnu++14";
				CLANG_CXX_LIBRARY = "libc++";
				CLANG_ENABLE_MODULES = YES;
				CLANG_ENABLE_OBJC_ARC = YES;
				CLANG_WARN_BLOCK_CAPTURE_AUTORELEASING = YES;
				CLANG_WARN_BOOL_CONVERSION = YES;
				CLANG_WARN_COMMA = YES;
				CLANG_WARN_CONSTANT_CONVERSION = YES;
				CLANG_WARN_DIRECT_OBJC_ISA_USAGE = YES_ERROR;
				CLANG_WARN_DOCUMENTATION_COMMENTS = YES;
				CLANG_WARN_EMPTY_BODY = YES;
				CLANG_WARN_ENUM_CONVERSION = YES;
				CLANG_WARN_INFINITE_RECURSION = YES;
				CLANG_WARN_INT_CONVERSION = YES;
				CLANG_WARN_NON_LITERAL_NULL_CONVERSION = YES;
				CLANG_WARN_OBJC_LITERAL_CONVERSION = YES;
				CLANG_WARN_OBJC_ROOT_CLASS = YES_ERROR;
				CLANG_WARN_RANGE_LOOP_ANALYSIS = YES;
				CLANG_WARN_STRICT_PROTOTYPES = YES;
				CLANG_WARN_SUSPICIOUS_MOVE = YES;
				CLANG_WARN_UNGUARDED_AVAILABILITY = YES_AGGRESSIVE;
				CLANG_WARN_UNREACHABLE_CODE = YES;
				CLANG_WARN__DUPLICATE_METHOD_MATCH = YES;
				CODE_SIGN_IDENTITY = "iPhone Developer";
				COPY_PHASE_STRIP = NO;
				DEBUG_INFORMATION_FORMAT = "dwarf-with-dsym";
				ENABLE_NS_ASSERTIONS = NO;
				ENABLE_STRICT_OBJC_MSGSEND = YES;
				GCC_C_LANGUAGE_STANDARD = gnu11;
				GCC_NO_COMMON_BLOCKS = YES;
				GCC_WARN_64_TO_32_BIT_CONVERSION = YES;
				GCC_WARN_ABOUT_RETURN_TYPE = YES_ERROR;
				GCC_WARN_UNDECLARED_SELECTOR = YES;
				GCC_WARN_UNINITIALIZED_AUTOS = YES_AGGRESSIVE;
				GCC_WARN_UNUSED_FUNCTION = YES;
				GCC_WARN_UNUSED_VARIABLE = YES;
				IPHONEOS_DEPLOYMENT_TARGET = 11.2;
				MTL_ENABLE_DEBUG_INFO = NO;
				SDKROOT = iphoneos;
				SWIFT_OPTIMIZATION_LEVEL = "-Owholemodule";
				VALIDATE_PRODUCT = YES;
			};
			name = Release;
		};
		8A5D7DD7206A476F003AF448 /* Debug */ = {
			isa = XCBuildConfiguration;
			buildSettings = {
				ASSETCATALOG_COMPILER_APPICON_NAME = AppIcon;
				CODE_SIGN_STYLE = Automatic;
				DEVELOPMENT_TEAM = 4NYQ6YNPGA;
				INFOPLIST_FILE = DevslopesBeginnerFinal/Info.plist;
				LD_RUNPATH_SEARCH_PATHS = "$(inherited) @executable_path/Frameworks";
				PRODUCT_BUNDLE_IDENTIFIER = com.evolempirecreative.DevslopesBeginnerFinal;
				PRODUCT_NAME = "$(TARGET_NAME)";
				SWIFT_VERSION = 4.0;
				TARGETED_DEVICE_FAMILY = "1,2";
			};
			name = Debug;
		};
		8A5D7DD8206A476F003AF448 /* Release */ = {
			isa = XCBuildConfiguration;
			buildSettings = {
				ASSETCATALOG_COMPILER_APPICON_NAME = AppIcon;
				CODE_SIGN_STYLE = Automatic;
				DEVELOPMENT_TEAM = 4NYQ6YNPGA;
				INFOPLIST_FILE = DevslopesBeginnerFinal/Info.plist;
				LD_RUNPATH_SEARCH_PATHS = "$(inherited) @executable_path/Frameworks";
				PRODUCT_BUNDLE_IDENTIFIER = com.evolempirecreative.DevslopesBeginnerFinal;
				PRODUCT_NAME = "$(TARGET_NAME)";
				SWIFT_VERSION = 4.0;
				TARGETED_DEVICE_FAMILY = "1,2";
			};
			name = Release;
		};
/* End XCBuildConfiguration section */

/* Begin XCConfigurationList section */
		8A5D7DBF206A476E003AF448 /* Build configuration list for PBXProject "DevslopesBeginnerFinal" */ = {
			isa = XCConfigurationList;
			buildConfigurations = (
				8A5D7DD4206A476F003AF448 /* Debug */,
				8A5D7DD5206A476F003AF448 /* Release */,
			);
			defaultConfigurationIsVisible = 0;
			defaultConfigurationName = Release;
		};
		8A5D7DD6206A476F003AF448 /* Build configuration list for PBXNativeTarget "DevslopesBeginnerFinal" */ = {
			isa = XCConfigurationList;
			buildConfigurations = (
				8A5D7DD7206A476F003AF448 /* Debug */,
				8A5D7DD8206A476F003AF448 /* Release */,
			);
			defaultConfigurationIsVisible = 0;
			defaultConfigurationName = Release;
		};
/* End XCConfigurationList section */
	};
	rootObject = 8A5D7DBC206A476E003AF448 /* Project object */;
}
